
Microsoft Visual Studio Solution File, Format Version 11.00
# Visual Studio 2010
Project("{FAE04EC0-301F-11D3-BF4B-00C04F79EFBC}") = "cardboardproj", "Assembly-CSharp.csproj", "{5142DD28-7A4E-8340-0648-1D2C8F508871}"
EndProject
Project("{FAE04EC0-301F-11D3-BF4B-00C04F79EFBC}") = "cardboardproj", "Assembly-CSharp-Editor.csproj", "{0F9A69CD-989C-F54D-FE35-0079B855A8E8}"
EndProject
Global
	GlobalSection(SolutionConfigurationPlatforms) = preSolution
		Debug|Any CPU = Debug|Any CPU
		Release|Any CPU = Release|Any CPU
	EndGlobalSection
	GlobalSection(ProjectConfigurationPlatforms) = postSolution
		{5142DD28-7A4E-8340-0648-1D2C8F508871}.Debug|Any CPU.ActiveCfg = Debug|Any CPU
		{5142DD28-7A4E-8340-0648-1D2C8F508871}.Debug|Any CPU.Build.0 = Debug|Any CPU
		{5142DD28-7A4E-8340-0648-1D2C8F508871}.Release|Any CPU.ActiveCfg = Release|Any CPU
		{5142DD28-7A4E-8340-0648-1D2C8F508871}.Release|Any CPU.Build.0 = Release|Any CPU
		{0F9A69CD-989C-F54D-FE35-0079B855A8E8}.Debug|Any CPU.ActiveCfg = Debug|Any CPU
		{0F9A69CD-989C-F54D-FE35-0079B855A8E8}.Debug|Any CPU.Build.0 = Debug|Any CPU
		{0F9A69CD-989C-F54D-FE35-0079B855A8E8}.Release|Any CPU.ActiveCfg = Release|Any CPU
		{0F9A69CD-989C-F54D-FE35-0079B855A8E8}.Release|Any CPU.Build.0 = Release|Any CPU
	EndGlobalSection
	GlobalSection(SolutionProperties) = preSolution
		HideSolutionNode = FALSE
	EndGlobalSection
	GlobalSection(MonoDevelopProperties) = preSolution
		StartupItem = Assembly-CSharp.csproj
	EndGlobalSection
EndGlobal
